
Microsoft Visual Studio Solution File, Format Version 12.00
# Visual Studio 15
Project("{FAE04EC0-301F-11D3-BF4B-00C04F79EFBC}") = "Assembly-CSharp", "Assembly-CSharp.csproj", "{F90A220A-3B0D-4362-0207-B509B78B3D00}"
EndProject
Project("{FAE04EC0-301F-11D3-BF4B-00C04F79EFBC}") = "Assembly-CSharp-Editor", "Assembly-CSharp-Editor.csproj", "{A7A0DDEE-35A1-6793-A251-DCD76F6C4161}"
EndProject
Global
	GlobalSection(SolutionConfigurationPlatforms) = preSolution
		Debug|Any CPU = Debug|Any CPU
		Release|Any CPU = Release|Any CPU
	EndGlobalSection
	GlobalSection(ProjectConfigurationPlatforms) = postSolution
		{F90A220A-3B0D-4362-0207-B509B78B3D00}.Debug|Any CPU.ActiveCfg = Debug|Any CPU
		{F90A220A-3B0D-4362-0207-B509B78B3D00}.Debug|Any CPU.Build.0 = Debug|Any CPU
		{F90A220A-3B0D-4362-0207-B509B78B3D00}.Release|Any CPU.ActiveCfg = Release|Any CPU
		{F90A220A-3B0D-4362-0207-B509B78B3D00}.Release|Any CPU.Build.0 = Release|Any CPU
		{A7A0DDEE-35A1-6793-A251-DCD76F6C4161}.Debug|Any CPU.ActiveCfg = Debug|Any CPU
		{A7A0DDEE-35A1-6793-A251-DCD76F6C4161}.Debug|Any CPU.Build.0 = Debug|Any CPU
		{A7A0DDEE-35A1-6793-A251-DCD76F6C4161}.Release|Any CPU.ActiveCfg = Release|Any CPU
		{A7A0DDEE-35A1-6793-A251-DCD76F6C4161}.Release|Any CPU.Build.0 = Release|Any CPU
	EndGlobalSection
	GlobalSection(SolutionProperties) = preSolution
		HideSolutionNode = FALSE
	EndGlobalSection
EndGlobal
